# THIS IS AN AUTOGENERATED FILE. DO NOT EDIT THIS FILE DIRECTLY.
# yarn lockfile v1


immer@6.0.5:
  version "6.0.5"
  resolved "https://registry.yarnpkg.com/immer/-/immer-6.0.5.tgz#77187d13b71c6cee40dde3b8e87a50a7a636d630"
  integrity sha512-Q2wd90qrgFieIpLzAO2q9NLEdmyp/sr76Ml4Vm5peUKgyTa2CQa3ey8zuzwSKOlKH7grCeGBGUcLLVCVW1aguA==

mocklify@^1.0.0:
  version "1.0.0"
  resolved "https://registry.yarnpkg.com/mocklify/-/mocklify-1.0.0.tgz#e879c4887b6defe53920684ecac031de77b30e48"
  integrity sha512-8KRw184A27x4HRN7KyOO9ydNmT7Cb3a8OjEuevlOeB2oYgs01Gvnw+AuvT+CEp7strMvfiMLimWLnhFQC/XDOw==
  dependencies:
    immer "6.0.5"
